
Microsoft Visual Studio Solution File, Format Version 12.00
# Visual Studio 15
VisualStudioVersion = 15.0.27428.2005
MinimumVisualStudioVersion = 10.0.40219.1
Project("{FAE04EC0-301F-11D3-BF4B-00C04F79EFBC}") = "BlackSound", "BlackSound\BlackSound.csproj", "{D0AB3252-BD9B-4F4C-8073-167C199C56B2}"
EndProject
Project("{2150E333-8FDC-42A3-9474-1A3956D46DE8}") = "DAL", "DAL", "{9421A723-BDB1-4986-8573-22AA50B0ED2F}"
EndProject
Project("{FAE04EC0-301F-11D3-BF4B-00C04F79EFBC}") = "BlackSoundDAL", "BlackSoundDAL\BlackSoundDAL.csproj", "{39CDDB87-1172-4879-897D-5BC7F22F6A95}"
EndProject
Global
	GlobalSection(SolutionConfigurationPlatforms) = preSolution
		Debug|Any CPU = Debug|Any CPU
		Release|Any CPU = Release|Any CPU
	EndGlobalSection
	GlobalSection(ProjectConfigurationPlatforms) = postSolution
		{D0AB3252-BD9B-4F4C-8073-167C199C56B2}.Debug|Any CPU.ActiveCfg = Debug|Any CPU
		{D0AB3252-BD9B-4F4C-8073-167C199C56B2}.Debug|Any CPU.Build.0 = Debug|Any CPU
		{D0AB3252-BD9B-4F4C-8073-167C199C56B2}.Release|Any CPU.ActiveCfg = Release|Any CPU
		{D0AB3252-BD9B-4F4C-8073-167C199C56B2}.Release|Any CPU.Build.0 = Release|Any CPU
		{39CDDB87-1172-4879-897D-5BC7F22F6A95}.Debug|Any CPU.ActiveCfg = Debug|Any CPU
		{39CDDB87-1172-4879-897D-5BC7F22F6A95}.Debug|Any CPU.Build.0 = Debug|Any CPU
		{39CDDB87-1172-4879-897D-5BC7F22F6A95}.Release|Any CPU.ActiveCfg = Release|Any CPU
		{39CDDB87-1172-4879-897D-5BC7F22F6A95}.Release|Any CPU.Build.0 = Release|Any CPU
	EndGlobalSection
	GlobalSection(SolutionProperties) = preSolution
		HideSolutionNode = FALSE
	EndGlobalSection
	GlobalSection(NestedProjects) = preSolution
		{39CDDB87-1172-4879-897D-5BC7F22F6A95} = {9421A723-BDB1-4986-8573-22AA50B0ED2F}
	EndGlobalSection
	GlobalSection(ExtensibilityGlobals) = postSolution
		SolutionGuid = {05DE8272-F494-41B1-AD70-40C5202B19AE}
	EndGlobalSection
EndGlobal
